{
  "name": "physics-sandbox",
  "version": "1.0.0",
  "lockfileVersion": 3,
  "requires": true,
  "packages": {
    "": {
      "name": "physics-sandbox",
      "version": "1.0.0",
      "license": "MIT",
      "devDependencies": {
        "@dimforge/rapier3d-compat": "^0.14.0"
      }
    },
    "node_modules/@dimforge/rapier3d-compat": {
      "version": "0.14.0",
      "resolved": "https://registry.npmjs.org/@dimforge/rapier3d-compat/-/rapier3d-compat-0.14.0.tgz",
      "integrity": "sha512-/uHrUzS+CRQ+NQrrJCEDUkhwHlNsAAexbNXgbN9sHY+GwR+SFFAFrxRr8Llf5/AJZzqiLANdQIfJ63Cw4gJVqw==",
      "dev": true,
      "license": "Apache-2.0"
    }
  }
}
